
Microsoft Visual Studio Solution File, Format Version 12.00
# Visual Studio Version 17
VisualStudioVersion = 17.8.34511.84
MinimumVisualStudioVersion = 10.0.40219.1
Project("{FAE04EC0-301F-11D3-BF4B-00C04F79EFBC}") = "DbConcurrency", "DbConcurrency.csproj", "{8823B856-1CBE-4918-8756-85AEF43924A8}"
EndProject
Global
	GlobalSection(SolutionConfigurationPlatforms) = preSolution
		Debug|Any CPU = Debug|Any CPU
		Release|Any CPU = Release|Any CPU
	EndGlobalSection
	GlobalSection(ProjectConfigurationPlatforms) = postSolution
		{8823B856-1CBE-4918-8756-85AEF43924A8}.Debug|Any CPU.ActiveCfg = Debug|Any CPU
		{8823B856-1CBE-4918-8756-85AEF43924A8}.Debug|Any CPU.Build.0 = Debug|Any CPU
		{8823B856-1CBE-4918-8756-85AEF43924A8}.Release|Any CPU.ActiveCfg = Release|Any CPU
		{8823B856-1CBE-4918-8756-85AEF43924A8}.Release|Any CPU.Build.0 = Release|Any CPU
	EndGlobalSection
	GlobalSection(SolutionProperties) = preSolution
		HideSolutionNode = FALSE
	EndGlobalSection
	GlobalSection(ExtensibilityGlobals) = postSolution
		SolutionGuid = {8FD2FFDC-2FB0-416B-86AB-56BCDB0832C9}
	EndGlobalSection
EndGlobal
